
Microsoft Visual Studio Solution File, Format Version 12.00
# Visual Studio Version 16
VisualStudioVersion = 16.0.31005.135
MinimumVisualStudioVersion = 10.0.40219.1
Project("{FAE04EC0-301F-11D3-BF4B-00C04F79EFBC}") = "UnityWebBrowserServer", "UnityWebBrowserServer.csproj", "{6CBD8A48-C470-4C2E-8CE6-A48A75C64A46}"
EndProject
Project("{9A19103F-16F7-4668-BE54-9A1E7A4F7556}") = "ZeroMQ.netcore", "..\ThirdParty\ClrZmq4\ZeroMQ.netcore.csproj", "{F7C69D32-89FD-492E-A6F7-9BC2C908A9B7}"
EndProject
Global
	GlobalSection(SolutionConfigurationPlatforms) = preSolution
		Debug|Any CPU = Debug|Any CPU
		Release|Any CPU = Release|Any CPU
	EndGlobalSection
	GlobalSection(ProjectConfigurationPlatforms) = postSolution
		{6CBD8A48-C470-4C2E-8CE6-A48A75C64A46}.Debug|Any CPU.ActiveCfg = Debug|Any CPU
		{6CBD8A48-C470-4C2E-8CE6-A48A75C64A46}.Debug|Any CPU.Build.0 = Debug|Any CPU
		{6CBD8A48-C470-4C2E-8CE6-A48A75C64A46}.Release|Any CPU.ActiveCfg = Release|Any CPU
		{6CBD8A48-C470-4C2E-8CE6-A48A75C64A46}.Release|Any CPU.Build.0 = Release|Any CPU
		{F7C69D32-89FD-492E-A6F7-9BC2C908A9B7}.Debug|Any CPU.ActiveCfg = Debug|Any CPU
		{F7C69D32-89FD-492E-A6F7-9BC2C908A9B7}.Debug|Any CPU.Build.0 = Debug|Any CPU
		{F7C69D32-89FD-492E-A6F7-9BC2C908A9B7}.Release|Any CPU.ActiveCfg = Release|Any CPU
		{F7C69D32-89FD-492E-A6F7-9BC2C908A9B7}.Release|Any CPU.Build.0 = Release|Any CPU
	EndGlobalSection
	GlobalSection(SolutionProperties) = preSolution
		HideSolutionNode = FALSE
	EndGlobalSection
	GlobalSection(ExtensibilityGlobals) = postSolution
		SolutionGuid = {B6310CAC-0680-41C7-9CA4-5A8E94D46741}
	EndGlobalSection
EndGlobal
