lockfileVersion: '9.0'

settings:
  autoInstallPeers: true
  excludeLinksFromLockfile: false

importers:

  .:
    devDependencies:
      '@types/node':
        specifier: ^22.0.0
        version: 22.13.10
      typescript:
        specifier: ^5.7.3
        version: 5.8.2
      vite:
        specifier: ^6.2.3
        version: 6.2.3(@types/node@22.13.10)(terser@5.39.0)
      vite-plugin-minify:
        specifier: ^2.1.0
        version: 2.1.0(vite@6.2.3(@types/node@22.13.10)(terser@5.39.0))
      vite-plugin-singlefile:
        specifier: ^2.1.0
        version: 2.2.0(rollup@4.37.0)(vite@6.2.3(@types/node@22.13.10)(terser@5.39.0))

packages:

  '@esbuild/aix-ppc64@0.25.1':
    resolution: {integrity: sha512-kfYGy8IdzTGy+z0vFGvExZtxkFlA4zAxgKEahG9KE1ScBjpQnFsNOX8KTU5ojNru5ed5CVoJYXFtoxaq5nFbjQ==}
    engines: {node: '>=18'}
    cpu: [ppc64]
    os: [aix]

  '@esbuild/android-arm64@0.25.1':
    resolution: {integrity: sha512-50tM0zCJW5kGqgG7fQ7IHvQOcAn9TKiVRuQ/lN0xR+T2lzEFvAi1ZcS8DiksFcEpf1t/GYOeOfCAgDHFpkiSmA==}
    engines: {node: '>=18'}
    cpu: [arm64]
    os: [android]

  '@esbuild/android-arm@0.25.1':
    resolution: {integrity: sha512-dp+MshLYux6j/JjdqVLnMglQlFu+MuVeNrmT5nk6q07wNhCdSnB7QZj+7G8VMUGh1q+vj2Bq8kRsuyA00I/k+Q==}
    engines: {node: '>=18'}
    cpu: [arm]
    os: [android]

  '@esbuild/android-x64@0.25.1':
    resolution: {integrity: sha512-GCj6WfUtNldqUzYkN/ITtlhwQqGWu9S45vUXs7EIYf+7rCiiqH9bCloatO9VhxsL0Pji+PF4Lz2XXCES+Q8hDw==}
    engines: {node: '>=18'}
    cpu: [x64]
    os: [android]

  '@esbuild/darwin-arm64@0.25.1':
    resolution: {integrity: sha512-5hEZKPf+nQjYoSr/elb62U19/l1mZDdqidGfmFutVUjjUZrOazAtwK+Kr+3y0C/oeJfLlxo9fXb1w7L+P7E4FQ==}
    engines: {node: '>=18'}
    cpu: [arm64]
    os: [darwin]

  '@esbuild/darwin-x64@0.25.1':
    resolution: {integrity: sha512-hxVnwL2Dqs3fM1IWq8Iezh0cX7ZGdVhbTfnOy5uURtao5OIVCEyj9xIzemDi7sRvKsuSdtCAhMKarxqtlyVyfA==}
    engines: {node: '>=18'}
    cpu: [x64]
    os: [darwin]

  '@esbuild/freebsd-arm64@0.25.1':
    resolution: {integrity: sha512-1MrCZs0fZa2g8E+FUo2ipw6jw5qqQiH+tERoS5fAfKnRx6NXH31tXBKI3VpmLijLH6yriMZsxJtaXUyFt/8Y4A==}
    engines: {node: '>=18'}
    cpu: [arm64]
    os: [freebsd]

  '@esbuild/freebsd-x64@0.25.1':
    resolution: {integrity: sha512-0IZWLiTyz7nm0xuIs0q1Y3QWJC52R8aSXxe40VUxm6BB1RNmkODtW6LHvWRrGiICulcX7ZvyH6h5fqdLu4gkww==}
    engines: {node: '>=18'}
    cpu: [x64]
    os: [freebsd]

  '@esbuild/linux-arm64@0.25.1':
    resolution: {integrity: sha512-jaN3dHi0/DDPelk0nLcXRm1q7DNJpjXy7yWaWvbfkPvI+7XNSc/lDOnCLN7gzsyzgu6qSAmgSvP9oXAhP973uQ==}
    engines: {node: '>=18'}
    cpu: [arm64]
    os: [linux]

  '@esbuild/linux-arm@0.25.1':
    resolution: {integrity: sha512-NdKOhS4u7JhDKw9G3cY6sWqFcnLITn6SqivVArbzIaf3cemShqfLGHYMx8Xlm/lBit3/5d7kXvriTUGa5YViuQ==}
    engines: {node: '>=18'}
    cpu: [arm]
    os: [linux]

  '@esbuild/linux-ia32@0.25.1':
    resolution: {integrity: sha512-OJykPaF4v8JidKNGz8c/q1lBO44sQNUQtq1KktJXdBLn1hPod5rE/Hko5ugKKZd+D2+o1a9MFGUEIUwO2YfgkQ==}
    engines: {node: '>=18'}
    cpu: [ia32]
    os: [linux]

  '@esbuild/linux-loong64@0.25.1':
    resolution: {integrity: sha512-nGfornQj4dzcq5Vp835oM/o21UMlXzn79KobKlcs3Wz9smwiifknLy4xDCLUU0BWp7b/houtdrgUz7nOGnfIYg==}
    engines: {node: '>=18'}
    cpu: [loong64]
    os: [linux]

  '@esbuild/linux-mips64el@0.25.1':
    resolution: {integrity: sha512-1osBbPEFYwIE5IVB/0g2X6i1qInZa1aIoj1TdL4AaAb55xIIgbg8Doq6a5BzYWgr+tEcDzYH67XVnTmUzL+nXg==}
    engines: {node: '>=18'}
    cpu: [mips64el]
    os: [linux]

  '@esbuild/linux-ppc64@0.25.1':
    resolution: {integrity: sha512-/6VBJOwUf3TdTvJZ82qF3tbLuWsscd7/1w+D9LH0W/SqUgM5/JJD0lrJ1fVIfZsqB6RFmLCe0Xz3fmZc3WtyVg==}
    engines: {node: '>=18'}
    cpu: [ppc64]
    os: [linux]

  '@esbuild/linux-riscv64@0.25.1':
    resolution: {integrity: sha512-nSut/Mx5gnilhcq2yIMLMe3Wl4FK5wx/o0QuuCLMtmJn+WeWYoEGDN1ipcN72g1WHsnIbxGXd4i/MF0gTcuAjQ==}
    engines: {node: '>=18'}
    cpu: [riscv64]
    os: [linux]

  '@esbuild/linux-s390x@0.25.1':
    resolution: {integrity: sha512-cEECeLlJNfT8kZHqLarDBQso9a27o2Zd2AQ8USAEoGtejOrCYHNtKP8XQhMDJMtthdF4GBmjR2au3x1udADQQQ==}
    engines: {node: '>=18'}
    cpu: [s390x]
    os: [linux]

  '@esbuild/linux-x64@0.25.1':
    resolution: {integrity: sha512-xbfUhu/gnvSEg+EGovRc+kjBAkrvtk38RlerAzQxvMzlB4fXpCFCeUAYzJvrnhFtdeyVCDANSjJvOvGYoeKzFA==}
    engines: {node: '>=18'}
    cpu: [x64]
    os: [linux]

  '@esbuild/netbsd-arm64@0.25.1':
    resolution: {integrity: sha512-O96poM2XGhLtpTh+s4+nP7YCCAfb4tJNRVZHfIE7dgmax+yMP2WgMd2OecBuaATHKTHsLWHQeuaxMRnCsH8+5g==}
    engines: {node: '>=18'}
    cpu: [arm64]
    os: [netbsd]

  '@esbuild/netbsd-x64@0.25.1':
    resolution: {integrity: sha512-X53z6uXip6KFXBQ+Krbx25XHV/NCbzryM6ehOAeAil7X7oa4XIq+394PWGnwaSQ2WRA0KI6PUO6hTO5zeF5ijA==}
    engines: {node: '>=18'}
    cpu: [x64]
    os: [netbsd]

  '@esbuild/openbsd-arm64@0.25.1':
    resolution: {integrity: sha512-Na9T3szbXezdzM/Kfs3GcRQNjHzM6GzFBeU1/6IV/npKP5ORtp9zbQjvkDJ47s6BCgaAZnnnu/cY1x342+MvZg==}
    engines: {node: '>=18'}
    cpu: [arm64]
    os: [openbsd]

  '@esbuild/openbsd-x64@0.25.1':
    resolution: {integrity: sha512-T3H78X2h1tszfRSf+txbt5aOp/e7TAz3ptVKu9Oyir3IAOFPGV6O9c2naym5TOriy1l0nNf6a4X5UXRZSGX/dw==}
    engines: {node: '>=18'}
    cpu: [x64]
    os: [openbsd]

  '@esbuild/sunos-x64@0.25.1':
    resolution: {integrity: sha512-2H3RUvcmULO7dIE5EWJH8eubZAI4xw54H1ilJnRNZdeo8dTADEZ21w6J22XBkXqGJbe0+wnNJtw3UXRoLJnFEg==}
    engines: {node: '>=18'}
    cpu: [x64]
    os: [sunos]

  '@esbuild/win32-arm64@0.25.1':
    resolution: {integrity: sha512-GE7XvrdOzrb+yVKB9KsRMq+7a2U/K5Cf/8grVFRAGJmfADr/e/ODQ134RK2/eeHqYV5eQRFxb1hY7Nr15fv1NQ==}
    engines: {node: '>=18'}
    cpu: [arm64]
    os: [win32]

  '@esbuild/win32-ia32@0.25.1':
    resolution: {integrity: sha512-uOxSJCIcavSiT6UnBhBzE8wy3n0hOkJsBOzy7HDAuTDE++1DJMRRVCPGisULScHL+a/ZwdXPpXD3IyFKjA7K8A==}
    engines: {node: '>=18'}
    cpu: [ia32]
    os: [win32]

  '@esbuild/win32-x64@0.25.1':
    resolution: {integrity: sha512-Y1EQdcfwMSeQN/ujR5VayLOJ1BHaK+ssyk0AEzPjC+t1lITgsnccPqFjb6V+LsTp/9Iov4ysfjxLaGJ9RPtkVg==}
    engines: {node: '>=18'}
    cpu: [x64]
    os: [win32]

  '@jridgewell/gen-mapping@0.3.8':
    resolution: {integrity: sha512-imAbBGkb+ebQyxKgzv5Hu2nmROxoDOXHh80evxdoXNOrvAnVx7zimzc1Oo5h9RlfV4vPXaE2iM5pOFbvOCClWA==}
    engines: {node: '>=6.0.0'}

  '@jridgewell/resolve-uri@3.1.2':
    resolution: {integrity: sha512-bRISgCIjP20/tbWSPWMEi54QVPRZExkuD9lJL+UIxUKtwVJA8wW1Trb1jMs1RFXo1CBTNZ/5hpC9QvmKWdopKw==}
    engines: {node: '>=6.0.0'}

  '@jridgewell/set-array@1.2.1':
    resolution: {integrity: sha512-R8gLRTZeyp03ymzP/6Lil/28tGeGEzhx1q2k703KGWRAI1VdvPIXdG70VJc2pAMw3NA6JKL5hhFu1sJX0Mnn/A==}
    engines: {node: '>=6.0.0'}

  '@jridgewell/source-map@0.3.6':
    resolution: {integrity: sha512-1ZJTZebgqllO79ue2bm3rIGud/bOe0pP5BjSRCRxxYkEZS8STV7zN84UBbiYu7jy+eCKSnVIUgoWWE/tt+shMQ==}

  '@jridgewell/sourcemap-codec@1.5.0':
    resolution: {integrity: sha512-gv3ZRaISU3fjPAgNsriBRqGWQL6quFx04YMPW/zD8XMLsU32mhCCbfbO6KZFLjvYpCZ8zyDEgqsgf+PwPaM7GQ==}

  '@jridgewell/trace-mapping@0.3.25':
    resolution: {integrity: sha512-vNk6aEwybGtawWmy/PzwnGDOjCkLWSD2wqvjGGAgOAwCGWySYXfYoxt00IJkTF+8Lb57DwOb3Aa0o9CApepiYQ==}

  '@rollup/rollup-android-arm-eabi@4.37.0':
    resolution: {integrity: sha512-l7StVw6WAa8l3vA1ov80jyetOAEo1FtHvZDbzXDO/02Sq/QVvqlHkYoFwDJPIMj0GKiistsBudfx5tGFnwYWDQ==}
    cpu: [arm]
    os: [android]

  '@rollup/rollup-android-arm64@4.37.0':
    resolution: {integrity: sha512-6U3SlVyMxezt8Y+/iEBcbp945uZjJwjZimu76xoG7tO1av9VO691z8PkhzQ85ith2I8R2RddEPeSfcbyPfD4hA==}
    cpu: [arm64]
    os: [android]

  '@rollup/rollup-darwin-arm64@4.37.0':
    resolution: {integrity: sha512-+iTQ5YHuGmPt10NTzEyMPbayiNTcOZDWsbxZYR1ZnmLnZxG17ivrPSWFO9j6GalY0+gV3Jtwrrs12DBscxnlYA==}
    cpu: [arm64]
    os: [darwin]

  '@rollup/rollup-darwin-x64@4.37.0':
    resolution: {integrity: sha512-m8W2UbxLDcmRKVjgl5J/k4B8d7qX2EcJve3Sut7YGrQoPtCIQGPH5AMzuFvYRWZi0FVS0zEY4c8uttPfX6bwYQ==}
    cpu: [x64]
    os: [darwin]

  '@rollup/rollup-freebsd-arm64@4.37.0':
    resolution: {integrity: sha512-FOMXGmH15OmtQWEt174v9P1JqqhlgYge/bUjIbiVD1nI1NeJ30HYT9SJlZMqdo1uQFyt9cz748F1BHghWaDnVA==}
    cpu: [arm64]
    os: [freebsd]

  '@rollup/rollup-freebsd-x64@4.37.0':
    resolution: {integrity: sha512-SZMxNttjPKvV14Hjck5t70xS3l63sbVwl98g3FlVVx2YIDmfUIy29jQrsw06ewEYQ8lQSuY9mpAPlmgRD2iSsA==}
    cpu: [x64]
    os: [freebsd]

  '@rollup/rollup-linux-arm-gnueabihf@4.37.0':
    resolution: {integrity: sha512-hhAALKJPidCwZcj+g+iN+38SIOkhK2a9bqtJR+EtyxrKKSt1ynCBeqrQy31z0oWU6thRZzdx53hVgEbRkuI19w==}
    cpu: [arm]
    os: [linux]

  '@rollup/rollup-linux-arm-musleabihf@4.37.0':
    resolution: {integrity: sha512-jUb/kmn/Gd8epbHKEqkRAxq5c2EwRt0DqhSGWjPFxLeFvldFdHQs/n8lQ9x85oAeVb6bHcS8irhTJX2FCOd8Ag==}
    cpu: [arm]
    os: [linux]

  '@rollup/rollup-linux-arm64-gnu@4.37.0':
    resolution: {integrity: sha512-oNrJxcQT9IcbcmKlkF+Yz2tmOxZgG9D9GRq+1OE6XCQwCVwxixYAa38Z8qqPzQvzt1FCfmrHX03E0pWoXm1DqA==}
    cpu: [arm64]
    os: [linux]

  '@rollup/rollup-linux-arm64-musl@4.37.0':
    resolution: {integrity: sha512-pfxLBMls+28Ey2enpX3JvjEjaJMBX5XlPCZNGxj4kdJyHduPBXtxYeb8alo0a7bqOoWZW2uKynhHxF/MWoHaGQ==}
    cpu: [arm64]
    os: [linux]

  '@rollup/rollup-linux-loongarch64-gnu@4.37.0':
    resolution: {integrity: sha512-yCE0NnutTC/7IGUq/PUHmoeZbIwq3KRh02e9SfFh7Vmc1Z7atuJRYWhRME5fKgT8aS20mwi1RyChA23qSyRGpA==}
    cpu: [loong64]
    os: [linux]

  '@rollup/rollup-linux-powerpc64le-gnu@4.37.0':
    resolution: {integrity: sha512-NxcICptHk06E2Lh3a4Pu+2PEdZ6ahNHuK7o6Np9zcWkrBMuv21j10SQDJW3C9Yf/A/P7cutWoC/DptNLVsZ0VQ==}
    cpu: [ppc64]
    os: [linux]

  '@rollup/rollup-linux-riscv64-gnu@4.37.0':
    resolution: {integrity: sha512-PpWwHMPCVpFZLTfLq7EWJWvrmEuLdGn1GMYcm5MV7PaRgwCEYJAwiN94uBuZev0/J/hFIIJCsYw4nLmXA9J7Pw==}
    cpu: [riscv64]
    os: [linux]

  '@rollup/rollup-linux-riscv64-musl@4.37.0':
    resolution: {integrity: sha512-DTNwl6a3CfhGTAOYZ4KtYbdS8b+275LSLqJVJIrPa5/JuIufWWZ/QFvkxp52gpmguN95eujrM68ZG+zVxa8zHA==}
    cpu: [riscv64]
    os: [linux]

  '@rollup/rollup-linux-s390x-gnu@4.37.0':
    resolution: {integrity: sha512-hZDDU5fgWvDdHFuExN1gBOhCuzo/8TMpidfOR+1cPZJflcEzXdCy1LjnklQdW8/Et9sryOPJAKAQRw8Jq7Tg+A==}
    cpu: [s390x]
    os: [linux]

  '@rollup/rollup-linux-x64-gnu@4.37.0':
    resolution: {integrity: sha512-pKivGpgJM5g8dwj0ywBwe/HeVAUSuVVJhUTa/URXjxvoyTT/AxsLTAbkHkDHG7qQxLoW2s3apEIl26uUe08LVQ==}
    cpu: [x64]
    os: [linux]

  '@rollup/rollup-linux-x64-musl@4.37.0':
    resolution: {integrity: sha512-E2lPrLKE8sQbY/2bEkVTGDEk4/49UYRVWgj90MY8yPjpnGBQ+Xi1Qnr7b7UIWw1NOggdFQFOLZ8+5CzCiz143w==}
    cpu: [x64]
    os: [linux]

  '@rollup/rollup-win32-arm64-msvc@4.37.0':
    resolution: {integrity: sha512-Jm7biMazjNzTU4PrQtr7VS8ibeys9Pn29/1bm4ph7CP2kf21950LgN+BaE2mJ1QujnvOc6p54eWWiVvn05SOBg==}
    cpu: [arm64]
    os: [win32]

  '@rollup/rollup-win32-ia32-msvc@4.37.0':
    resolution: {integrity: sha512-e3/1SFm1OjefWICB2Ucstg2dxYDkDTZGDYgwufcbsxTHyqQps1UQf33dFEChBNmeSsTOyrjw2JJq0zbG5GF6RA==}
    cpu: [ia32]
    os: [win32]

  '@rollup/rollup-win32-x64-msvc@4.37.0':
    resolution: {integrity: sha512-LWbXUBwn/bcLx2sSsqy7pK5o+Nr+VCoRoAohfJ5C/aBio9nfJmGQqHAhU6pwxV/RmyTk5AqdySma7uwWGlmeuA==}
    cpu: [x64]
    os: [win32]

  '@types/estree@1.0.6':
    resolution: {integrity: sha512-AYnb1nQyY49te+VRAVgmzfcgjYS91mY5P0TKUDCLEM+gNnA+3T6rWITXRLYCpahpqSQbN5cE+gHpnPyXjHWxcw==}

  '@types/html-minifier-terser@7.0.2':
    resolution: {integrity: sha512-mm2HqV22l8lFQh4r2oSsOEVea+m0qqxEmwpc9kC1p/XzmjLWrReR9D/GRs8Pex2NX/imyEH9c5IU/7tMBQCHOA==}

  '@types/node@22.13.10':
    resolution: {integrity: sha512-I6LPUvlRH+O6VRUqYOcMudhaIdUVWfsjnZavnsraHvpBwaEyMN29ry+0UVJhImYL16xsscu0aske3yA+uPOWfw==}

  acorn@8.14.0:
    resolution: {integrity: sha512-cl669nCJTZBsL97OF4kUQm5g5hC2uihk0NxY3WENAC0TYdILVkAyHymAntgxGkl7K+t0cXIrH5siy5S4XkFycA==}
    engines: {node: '>=0.4.0'}
    hasBin: true

  braces@3.0.3:
    resolution: {integrity: sha512-yQbXgO/OSZVD2IsiLlro+7Hf6Q18EJrKSEsdoMzKePKXct3gvD8oLcOQdIzGupr5Fj+EDe8gO/lxc1BzfMpxvA==}
    engines: {node: '>=8'}

  buffer-from@1.1.2:
    resolution: {integrity: sha512-E+XQCRwSbaaiChtv6k6Dwgc+bx+Bs6vuKJHHl5kox/BaKbhiXzqQOwK4cO22yElGp2OCmjwVhT3HmxgyPGnJfQ==}

  camel-case@4.1.2:
    resolution: {integrity: sha512-gxGWBrTT1JuMx6R+o5PTXMmUnhnVzLQ9SNutD4YqKtI6ap897t3tKECYla6gCWEkplXnlNybEkZg9GEGxKFCgw==}

  clean-css@5.3.3:
    resolution: {integrity: sha512-D5J+kHaVb/wKSFcyyV75uCn8fiY4sV38XJoe4CUyGQ+mOU/fMVYUdH1hJC+CJQ5uY3EnW27SbJYS4X8BiLrAFg==}
    engines: {node: '>= 10.0'}

  commander@10.0.1:
    resolution: {integrity: sha512-y4Mg2tXshplEbSGzx7amzPwKKOCGuoSRP/CjEdwwk0FOGlUbq6lKuoyDZTNZkmxHdJtp54hdfY/JUrdL7Xfdug==}
    engines: {node: '>=14'}

  commander@2.20.3:
    resolution: {integrity: sha512-GpVkmM8vF2vQUkj2LvZmD35JxeJOLCwJ9cUkugyk2nuhbv3+mJvpLYYt+0+USMxE+oj+ey/lJEnhZw75x/OMcQ==}

  dot-case@3.0.4:
    resolution: {integrity: sha512-Kv5nKlh6yRrdrGvxeJ2e5y2eRUpkUosIW4A2AS38zwSz27zu7ufDwQPi5Jhs3XAlGNetl3bmnGhQsMtkKJnj3w==}

  entities@4.5.0:
    resolution: {integrity: sha512-V0hjH4dGPh9Ao5p0MoRY6BVqtwCjhz6vI5LT8AJ55H+4g9/4vbHx1I54fS0XuclLhDHArPQCiMjDxjaL8fPxhw==}
    engines: {node: '>=0.12'}

  esbuild@0.25.1:
    resolution: {integrity: sha512-BGO5LtrGC7vxnqucAe/rmvKdJllfGaYWdyABvyMoXQlfYMb2bbRuReWR5tEGE//4LcNJj9XrkovTqNYRFZHAMQ==}
    engines: {node: '>=18'}
    hasBin: true

  fill-range@7.1.1:
    resolution: {integrity: sha512-YsGpe3WHLK8ZYi4tWDg2Jy3ebRz2rXowDxnld4bkQB00cc/1Zw9AWnC0i9ztDJitivtQvaI9KaLyKrc+hBW0yg==}
    engines: {node: '>=8'}

  fsevents@2.3.3:
    resolution: {integrity: sha512-5xoDfX+fL7faATnagmWPpbFtwh/R77WmMMqqHGS65C3vvB0YHrgF+B1YmZ3441tMj5n63k0212XNoJwzlhffQw==}
    engines: {node: ^8.16.0 || ^10.6.0 || >=11.0.0}
    os: [darwin]

  html-minifier-terser@7.2.0:
    resolution: {integrity: sha512-tXgn3QfqPIpGl9o+K5tpcj3/MN4SfLtsx2GWwBC3SSd0tXQGyF3gsSqad8loJgKZGM3ZxbYDd5yhiBIdWpmvLA==}
    engines: {node: ^14.13.1 || >=16.0.0}
    hasBin: true

  is-number@7.0.0:
    resolution: {integrity: sha512-41Cifkg6e8TylSpdtTpeLVMqvSBEVzTttHvERD741+pnZ8ANv0004MRL43QKPDlK9cGvNp6NZWZUBlbGXYxxng==}
    engines: {node: '>=0.12.0'}

  lower-case@2.0.2:
    resolution: {integrity: sha512-7fm3l3NAF9WfN6W3JOmf5drwpVqX78JtoGJ3A6W0a6ZnldM41w2fV5D490psKFTpMds8TJse/eHLFFsNHHjHgg==}

  micromatch@4.0.8:
    resolution: {integrity: sha512-PXwfBhYu0hBCPw8Dn0E+WDYb7af3dSLVWKi3HGv84IdF4TyFoC0ysxFd0Goxw7nSv4T/PzEJQxsYsEiFCKo2BA==}
    engines: {node: '>=8.6'}

  nanoid@3.3.11:
    resolution: {integrity: sha512-N8SpfPUnUp1bK+PMYW8qSWdl9U+wwNWI4QKxOYDy9JAro3WMX7p2OeVRF9v+347pnakNevPmiHhNmZ2HbFA76w==}
    engines: {node: ^10 || ^12 || ^13.7 || ^14 || >=15.0.1}
    hasBin: true

  no-case@3.0.4:
    resolution: {integrity: sha512-fgAN3jGAh+RoxUGZHTSOLJIqUc2wmoBwGR4tbpNAKmmovFoWq0OdRkb0VkldReO2a2iBT/OEulG9XSUc10r3zg==}

  param-case@3.0.4:
    resolution: {integrity: sha512-RXlj7zCYokReqWpOPH9oYivUzLYZ5vAPIfEmCTNViosC78F8F0H9y7T7gG2M39ymgutxF5gcFEsyZQSph9Bp3A==}

  pascal-case@3.1.2:
    resolution: {integrity: sha512-uWlGT3YSnK9x3BQJaOdcZwrnV6hPpd8jFH1/ucpiLRPh/2zCVJKS19E4GvYHvaCcACn3foXZ0cLB9Wrx1KGe5g==}

  picocolors@1.1.1:
    resolution: {integrity: sha512-xceH2snhtb5M9liqDsmEw56le376mTZkEX/jEb/RxNFyegNul7eNslCXP9FDj/Lcu0X8KEyMceP2ntpaHrDEVA==}

  picomatch@2.3.1:
    resolution: {integrity: sha512-JU3teHTNjmE2VCGFzuY8EXzCDVwEqB2a8fsIvwaStHhAWJEeVd1o1QD80CU6+ZdEXXSLbSsuLwJjkCBWqRQUVA==}
    engines: {node: '>=8.6'}

  postcss@8.5.3:
    resolution: {integrity: sha512-dle9A3yYxlBSrt8Fu+IpjGT8SY8hN0mlaA6GY8t0P5PjIOZemULz/E2Bnm/2dcUOena75OTNkHI76uZBNUUq3A==}
    engines: {node: ^10 || ^12 || >=14}

  relateurl@0.2.7:
    resolution: {integrity: sha512-G08Dxvm4iDN3MLM0EsP62EDV9IuhXPR6blNz6Utcp7zyV3tr4HVNINt6MpaRWbxoOHT3Q7YN2P+jaHX8vUbgog==}
    engines: {node: '>= 0.10'}

  rollup@4.37.0:
    resolution: {integrity: sha512-iAtQy/L4QFU+rTJ1YUjXqJOJzuwEghqWzCEYD2FEghT7Gsy1VdABntrO4CLopA5IkflTyqNiLNwPcOJ3S7UKLg==}
    engines: {node: '>=18.0.0', npm: '>=8.0.0'}
    hasBin: true

  source-map-js@1.2.1:
    resolution: {integrity: sha512-UXWMKhLOwVKb728IUtQPXxfYU+usdybtUrK/8uGE8CQMvrhOpwvzDBwj0QhSL7MQc7vIsISBG8VQ8+IDQxpfQA==}
    engines: {node: '>=0.10.0'}

  source-map-support@0.5.21:
    resolution: {integrity: sha512-uBHU3L3czsIyYXKX88fdrGovxdSCoTGDRZ6SYXtSRxLZUzHg5P/66Ht6uoUlHu9EZod+inXhKo3qQgwXUT/y1w==}

  source-map@0.6.1:
    resolution: {integrity: sha512-UjgapumWlbMhkBgzT7Ykc5YXUT46F0iKu8SGXq0bcwP5dz/h0Plj6enJqjz1Zbq2l5WaqYnrVbwWOWMyF3F47g==}
    engines: {node: '>=0.10.0'}

  terser@5.39.0:
    resolution: {integrity: sha512-LBAhFyLho16harJoWMg/nZsQYgTrg5jXOn2nCYjRUcZZEdE3qa2zb8QEDRUGVZBW4rlazf2fxkg8tztybTaqWw==}
    engines: {node: '>=10'}
    hasBin: true

  to-regex-range@5.0.1:
    resolution: {integrity: sha512-65P7iz6X5yEr1cwcgvQxbbIw7Uk3gOy5dIdtZ4rDveLqhrdJP+Li/Hx6tyK0NEb+2GCyneCMJiGqrADCSNk8sQ==}
    engines: {node: '>=8.0'}

  tslib@2.8.1:
    resolution: {integrity: sha512-oJFu94HQb+KVduSUQL7wnpmqnfmLsOA/nAh6b6EH0wCEoK0/mPeXU6c3wKDV83MkOuHPRHtSXKKU99IBazS/2w==}

  typescript@5.8.2:
    resolution: {integrity: sha512-aJn6wq13/afZp/jT9QZmwEjDqqvSGp1VT5GVg+f/t6/oVyrgXM6BY1h9BRh/O5p3PlUPAe+WuiEZOmb/49RqoQ==}
    engines: {node: '>=14.17'}
    hasBin: true

  undici-types@6.20.0:
    resolution: {integrity: sha512-Ny6QZ2Nju20vw1SRHe3d9jVu6gJ+4e3+MMpqu7pqE5HT6WsTSlce++GQmK5UXS8mzV8DSYHrQH+Xrf2jVcuKNg==}

  vite-plugin-minify@2.1.0:
    resolution: {integrity: sha512-h+Ae0WX0mvrWM4GhE6JX2NmxlDuZRv4AgcTHFqfbSyPwS+OdlOM692AQrK0eO8lDEh7gYLjG3EHovKvtrNQDvA==}
    peerDependencies:
      vite: '>=5'

  vite-plugin-singlefile@2.2.0:
    resolution: {integrity: sha512-Ik1wXmJaGzeQtUeIV7JprDUqqy6DlLzXAY27Blei5peE4c9VJF+Kp9xWDJeuX0RJUZmFbIAuw1/RAh06A+Ql7w==}
    engines: {node: '>18.0.0'}
    peerDependencies:
      rollup: ^4.35.0
      vite: ^5.4.11 || ^6.0.0

  vite@6.2.3:
    resolution: {integrity: sha512-IzwM54g4y9JA/xAeBPNaDXiBF8Jsgl3VBQ2YQ/wOY6fyW3xMdSoltIV3Bo59DErdqdE6RxUfv8W69DvUorE4Eg==}
    engines: {node: ^18.0.0 || ^20.0.0 || >=22.0.0}
    hasBin: true
    peerDependencies:
      '@types/node': ^18.0.0 || ^20.0.0 || >=22.0.0
      jiti: '>=1.21.0'
      less: '*'
      lightningcss: ^1.21.0
      sass: '*'
      sass-embedded: '*'
      stylus: '*'
      sugarss: '*'
      terser: ^5.16.0
      tsx: ^4.8.1
      yaml: ^2.4.2
    peerDependenciesMeta:
      '@types/node':
        optional: true
      jiti:
        optional: true
      less:
        optional: true
      lightningcss:
        optional: true
      sass:
        optional: true
      sass-embedded:
        optional: true
      stylus:
        optional: true
      sugarss:
        optional: true
      terser:
        optional: true
      tsx:
        optional: true
      yaml:
        optional: true

snapshots:

  '@esbuild/aix-ppc64@0.25.1':
    optional: true

  '@esbuild/android-arm64@0.25.1':
    optional: true

  '@esbuild/android-arm@0.25.1':
    optional: true

  '@esbuild/android-x64@0.25.1':
    optional: true

  '@esbuild/darwin-arm64@0.25.1':
    optional: true

  '@esbuild/darwin-x64@0.25.1':
    optional: true

  '@esbuild/freebsd-arm64@0.25.1':
    optional: true

  '@esbuild/freebsd-x64@0.25.1':
    optional: true

  '@esbuild/linux-arm64@0.25.1':
    optional: true

  '@esbuild/linux-arm@0.25.1':
    optional: true

  '@esbuild/linux-ia32@0.25.1':
    optional: true

  '@esbuild/linux-loong64@0.25.1':
    optional: true

  '@esbuild/linux-mips64el@0.25.1':
    optional: true

  '@esbuild/linux-ppc64@0.25.1':
    optional: true

  '@esbuild/linux-riscv64@0.25.1':
    optional: true

  '@esbuild/linux-s390x@0.25.1':
    optional: true

  '@esbuild/linux-x64@0.25.1':
    optional: true

  '@esbuild/netbsd-arm64@0.25.1':
    optional: true

  '@esbuild/netbsd-x64@0.25.1':
    optional: true

  '@esbuild/openbsd-arm64@0.25.1':
    optional: true

  '@esbuild/openbsd-x64@0.25.1':
    optional: true

  '@esbuild/sunos-x64@0.25.1':
    optional: true

  '@esbuild/win32-arm64@0.25.1':
    optional: true

  '@esbuild/win32-ia32@0.25.1':
    optional: true

  '@esbuild/win32-x64@0.25.1':
    optional: true

  '@jridgewell/gen-mapping@0.3.8':
    dependencies:
      '@jridgewell/set-array': 1.2.1
      '@jridgewell/sourcemap-codec': 1.5.0
      '@jridgewell/trace-mapping': 0.3.25

  '@jridgewell/resolve-uri@3.1.2': {}

  '@jridgewell/set-array@1.2.1': {}

  '@jridgewell/source-map@0.3.6':
    dependencies:
      '@jridgewell/gen-mapping': 0.3.8
      '@jridgewell/trace-mapping': 0.3.25

  '@jridgewell/sourcemap-codec@1.5.0': {}

  '@jridgewell/trace-mapping@0.3.25':
    dependencies:
      '@jridgewell/resolve-uri': 3.1.2
      '@jridgewell/sourcemap-codec': 1.5.0

  '@rollup/rollup-android-arm-eabi@4.37.0':
    optional: true

  '@rollup/rollup-android-arm64@4.37.0':
    optional: true

  '@rollup/rollup-darwin-arm64@4.37.0':
    optional: true

  '@rollup/rollup-darwin-x64@4.37.0':
    optional: true

  '@rollup/rollup-freebsd-arm64@4.37.0':
    optional: true

  '@rollup/rollup-freebsd-x64@4.37.0':
    optional: true

  '@rollup/rollup-linux-arm-gnueabihf@4.37.0':
    optional: true

  '@rollup/rollup-linux-arm-musleabihf@4.37.0':
    optional: true

  '@rollup/rollup-linux-arm64-gnu@4.37.0':
    optional: true

  '@rollup/rollup-linux-arm64-musl@4.37.0':
    optional: true

  '@rollup/rollup-linux-loongarch64-gnu@4.37.0':
    optional: true

  '@rollup/rollup-linux-powerpc64le-gnu@4.37.0':
    optional: true

  '@rollup/rollup-linux-riscv64-gnu@4.37.0':
    optional: true

  '@rollup/rollup-linux-riscv64-musl@4.37.0':
    optional: true

  '@rollup/rollup-linux-s390x-gnu@4.37.0':
    optional: true

  '@rollup/rollup-linux-x64-gnu@4.37.0':
    optional: true

  '@rollup/rollup-linux-x64-musl@4.37.0':
    optional: true

  '@rollup/rollup-win32-arm64-msvc@4.37.0':
    optional: true

  '@rollup/rollup-win32-ia32-msvc@4.37.0':
    optional: true

  '@rollup/rollup-win32-x64-msvc@4.37.0':
    optional: true

  '@types/estree@1.0.6': {}

  '@types/html-minifier-terser@7.0.2': {}

  '@types/node@22.13.10':
    dependencies:
      undici-types: 6.20.0

  acorn@8.14.0: {}

  braces@3.0.3:
    dependencies:
      fill-range: 7.1.1

  buffer-from@1.1.2: {}

  camel-case@4.1.2:
    dependencies:
      pascal-case: 3.1.2
      tslib: 2.8.1

  clean-css@5.3.3:
    dependencies:
      source-map: 0.6.1

  commander@10.0.1: {}

  commander@2.20.3: {}

  dot-case@3.0.4:
    dependencies:
      no-case: 3.0.4
      tslib: 2.8.1

  entities@4.5.0: {}

  esbuild@0.25.1:
    optionalDependencies:
      '@esbuild/aix-ppc64': 0.25.1
      '@esbuild/android-arm': 0.25.1
      '@esbuild/android-arm64': 0.25.1
      '@esbuild/android-x64': 0.25.1
      '@esbuild/darwin-arm64': 0.25.1
      '@esbuild/darwin-x64': 0.25.1
      '@esbuild/freebsd-arm64': 0.25.1
      '@esbuild/freebsd-x64': 0.25.1
      '@esbuild/linux-arm': 0.25.1
      '@esbuild/linux-arm64': 0.25.1
      '@esbuild/linux-ia32': 0.25.1
      '@esbuild/linux-loong64': 0.25.1
      '@esbuild/linux-mips64el': 0.25.1
      '@esbuild/linux-ppc64': 0.25.1
      '@esbuild/linux-riscv64': 0.25.1
      '@esbuild/linux-s390x': 0.25.1
      '@esbuild/linux-x64': 0.25.1
      '@esbuild/netbsd-arm64': 0.25.1
      '@esbuild/netbsd-x64': 0.25.1
      '@esbuild/openbsd-arm64': 0.25.1
      '@esbuild/openbsd-x64': 0.25.1
      '@esbuild/sunos-x64': 0.25.1
      '@esbuild/win32-arm64': 0.25.1
      '@esbuild/win32-ia32': 0.25.1
      '@esbuild/win32-x64': 0.25.1

  fill-range@7.1.1:
    dependencies:
      to-regex-range: 5.0.1

  fsevents@2.3.3:
    optional: true

  html-minifier-terser@7.2.0:
    dependencies:
      camel-case: 4.1.2
      clean-css: 5.3.3
      commander: 10.0.1
      entities: 4.5.0
      param-case: 3.0.4
      relateurl: 0.2.7
      terser: 5.39.0

  is-number@7.0.0: {}

  lower-case@2.0.2:
    dependencies:
      tslib: 2.8.1

  micromatch@4.0.8:
    dependencies:
      braces: 3.0.3
      picomatch: 2.3.1

  nanoid@3.3.11: {}

  no-case@3.0.4:
    dependencies:
      lower-case: 2.0.2
      tslib: 2.8.1

  param-case@3.0.4:
    dependencies:
      dot-case: 3.0.4
      tslib: 2.8.1

  pascal-case@3.1.2:
    dependencies:
      no-case: 3.0.4
      tslib: 2.8.1

  picocolors@1.1.1: {}

  picomatch@2.3.1: {}

  postcss@8.5.3:
    dependencies:
      nanoid: 3.3.11
      picocolors: 1.1.1
      source-map-js: 1.2.1

  relateurl@0.2.7: {}

  rollup@4.37.0:
    dependencies:
      '@types/estree': 1.0.6
    optionalDependencies:
      '@rollup/rollup-android-arm-eabi': 4.37.0
      '@rollup/rollup-android-arm64': 4.37.0
      '@rollup/rollup-darwin-arm64': 4.37.0
      '@rollup/rollup-darwin-x64': 4.37.0
      '@rollup/rollup-freebsd-arm64': 4.37.0
      '@rollup/rollup-freebsd-x64': 4.37.0
      '@rollup/rollup-linux-arm-gnueabihf': 4.37.0
      '@rollup/rollup-linux-arm-musleabihf': 4.37.0
      '@rollup/rollup-linux-arm64-gnu': 4.37.0
      '@rollup/rollup-linux-arm64-musl': 4.37.0
      '@rollup/rollup-linux-loongarch64-gnu': 4.37.0
      '@rollup/rollup-linux-powerpc64le-gnu': 4.37.0
      '@rollup/rollup-linux-riscv64-gnu': 4.37.0
      '@rollup/rollup-linux-riscv64-musl': 4.37.0
      '@rollup/rollup-linux-s390x-gnu': 4.37.0
      '@rollup/rollup-linux-x64-gnu': 4.37.0
      '@rollup/rollup-linux-x64-musl': 4.37.0
      '@rollup/rollup-win32-arm64-msvc': 4.37.0
      '@rollup/rollup-win32-ia32-msvc': 4.37.0
      '@rollup/rollup-win32-x64-msvc': 4.37.0
      fsevents: 2.3.3

  source-map-js@1.2.1: {}

  source-map-support@0.5.21:
    dependencies:
      buffer-from: 1.1.2
      source-map: 0.6.1

  source-map@0.6.1: {}

  terser@5.39.0:
    dependencies:
      '@jridgewell/source-map': 0.3.6
      acorn: 8.14.0
      commander: 2.20.3
      source-map-support: 0.5.21

  to-regex-range@5.0.1:
    dependencies:
      is-number: 7.0.0

  tslib@2.8.1: {}

  typescript@5.8.2: {}

  undici-types@6.20.0: {}

  vite-plugin-minify@2.1.0(vite@6.2.3(@types/node@22.13.10)(terser@5.39.0)):
    dependencies:
      '@types/html-minifier-terser': 7.0.2
      html-minifier-terser: 7.2.0
      vite: 6.2.3(@types/node@22.13.10)(terser@5.39.0)

  vite-plugin-singlefile@2.2.0(rollup@4.37.0)(vite@6.2.3(@types/node@22.13.10)(terser@5.39.0)):
    dependencies:
      micromatch: 4.0.8
      rollup: 4.37.0
      vite: 6.2.3(@types/node@22.13.10)(terser@5.39.0)

  vite@6.2.3(@types/node@22.13.10)(terser@5.39.0):
    dependencies:
      esbuild: 0.25.1
      postcss: 8.5.3
      rollup: 4.37.0
    optionalDependencies:
      '@types/node': 22.13.10
      fsevents: 2.3.3
      terser: 5.39.0
