
Microsoft Visual Studio Solution File, Format Version 12.00
# Visual Studio Version 16
VisualStudioVersion = 16.0.31005.135
MinimumVisualStudioVersion = 10.0.40219.1
Project("{FAE04EC0-301F-11D3-BF4B-00C04F79EFBC}") = "UnityWebBrowser.Engine.Cef", "UnityWebBrowser.Engine.Cef\UnityWebBrowser.Engine.Cef.csproj", "{6CBD8A48-C470-4C2E-8CE6-A48A75C64A46}"
EndProject
Project("{FAE04EC0-301F-11D3-BF4B-00C04F79EFBC}") = "CefGlue", "ThirdParty\CefGlue\CefGlue\CefGlue.csproj", "{703FF300-34B9-48D4-A5D6-E741F48D5F95}"
EndProject
Project("{FAE04EC0-301F-11D3-BF4B-00C04F79EFBC}") = "UnityWebBrowser.Shared", "UnityWebBrowser.Shared\UnityWebBrowser.Shared.csproj", "{9A0A89D8-9166-4453-B3AB-8C59F0160EEB}"
EndProject
Project("{2150E333-8FDC-42A3-9474-1A3956D46DE8}") = "Engines", "Engines", "{EED92CF1-3876-4F9B-BC3C-531156F5FA37}"
EndProject
Project("{2150E333-8FDC-42A3-9474-1A3956D46DE8}") = "Cef", "Cef", "{E02545D4-75BA-47FA-A075-7D43750FA7A7}"
EndProject
Project("{2150E333-8FDC-42A3-9474-1A3956D46DE8}") = "Imports", "Imports", "{4853487C-601D-4444-97D1-A34A80A2BC4F}"
ProjectSection(SolutionItems) = preProject
	Imports\NativeDefines.props = Imports\NativeDefines.props
	Imports\NatvieDefines.targets = Imports\NatvieDefines.targets
	Imports\Properties.props = Imports\Properties.props
EndProjectSection
EndProject
Project("{FAE04EC0-301F-11D3-BF4B-00C04F79EFBC}") = "UnityWebBrowser.Engine.Shared", "UnityWebBrowser.Engine.Shared\UnityWebBrowser.Engine.Shared.csproj", "{2AC661BC-6119-49AF-876C-52F756B10E42}"
EndProject
Project("{FAE04EC0-301F-11D3-BF4B-00C04F79EFBC}") = "UnityWebBrowser.Tests", "UnityWebBrowser.Tests\UnityWebBrowser.Tests.csproj", "{A96CD9A3-9F63-4BDB-91DA-227759EABE99}"
EndProject
Global
	GlobalSection(SolutionConfigurationPlatforms) = preSolution
		Debug|Any CPU = Debug|Any CPU
		Release|Any CPU = Release|Any CPU
		ReleaseUnity|Any CPU = ReleaseUnity|Any CPU
	EndGlobalSection
	GlobalSection(ProjectConfigurationPlatforms) = postSolution
		{6CBD8A48-C470-4C2E-8CE6-A48A75C64A46}.Debug|Any CPU.ActiveCfg = Debug|Any CPU
		{6CBD8A48-C470-4C2E-8CE6-A48A75C64A46}.Debug|Any CPU.Build.0 = Debug|Any CPU
		{6CBD8A48-C470-4C2E-8CE6-A48A75C64A46}.Release|Any CPU.ActiveCfg = Release|Any CPU
		{6CBD8A48-C470-4C2E-8CE6-A48A75C64A46}.Release|Any CPU.Build.0 = Release|Any CPU
		{6CBD8A48-C470-4C2E-8CE6-A48A75C64A46}.ReleaseUnity|Any CPU.ActiveCfg = ReleaseUnity|Any CPU
		{6CBD8A48-C470-4C2E-8CE6-A48A75C64A46}.ReleaseUnity|Any CPU.Build.0 = ReleaseUnity|Any CPU
		{703FF300-34B9-48D4-A5D6-E741F48D5F95}.Debug|Any CPU.ActiveCfg = Debug|Any CPU
		{703FF300-34B9-48D4-A5D6-E741F48D5F95}.Debug|Any CPU.Build.0 = Debug|Any CPU
		{703FF300-34B9-48D4-A5D6-E741F48D5F95}.Release|Any CPU.ActiveCfg = Release|Any CPU
		{703FF300-34B9-48D4-A5D6-E741F48D5F95}.Release|Any CPU.Build.0 = Release|Any CPU
		{703FF300-34B9-48D4-A5D6-E741F48D5F95}.ReleaseUnity|Any CPU.ActiveCfg = Release|Any CPU
		{703FF300-34B9-48D4-A5D6-E741F48D5F95}.ReleaseUnity|Any CPU.Build.0 = Release|Any CPU
		{9A0A89D8-9166-4453-B3AB-8C59F0160EEB}.Debug|Any CPU.ActiveCfg = Debug|Any CPU
		{9A0A89D8-9166-4453-B3AB-8C59F0160EEB}.Debug|Any CPU.Build.0 = Debug|Any CPU
		{9A0A89D8-9166-4453-B3AB-8C59F0160EEB}.Release|Any CPU.ActiveCfg = Release|Any CPU
		{9A0A89D8-9166-4453-B3AB-8C59F0160EEB}.Release|Any CPU.Build.0 = Release|Any CPU
		{9A0A89D8-9166-4453-B3AB-8C59F0160EEB}.ReleaseUnity|Any CPU.ActiveCfg = ReleaseUnity|Any CPU
		{9A0A89D8-9166-4453-B3AB-8C59F0160EEB}.ReleaseUnity|Any CPU.Build.0 = ReleaseUnity|Any CPU
		{2AC661BC-6119-49AF-876C-52F756B10E42}.Debug|Any CPU.ActiveCfg = Debug|Any CPU
		{2AC661BC-6119-49AF-876C-52F756B10E42}.Debug|Any CPU.Build.0 = Debug|Any CPU
		{2AC661BC-6119-49AF-876C-52F756B10E42}.Release|Any CPU.ActiveCfg = Release|Any CPU
		{2AC661BC-6119-49AF-876C-52F756B10E42}.Release|Any CPU.Build.0 = Release|Any CPU
		{2AC661BC-6119-49AF-876C-52F756B10E42}.ReleaseUnity|Any CPU.ActiveCfg = ReleaseUnity|Any CPU
		{2AC661BC-6119-49AF-876C-52F756B10E42}.ReleaseUnity|Any CPU.Build.0 = ReleaseUnity|Any CPU
		{A96CD9A3-9F63-4BDB-91DA-227759EABE99}.Debug|Any CPU.ActiveCfg = Debug|Any CPU
		{A96CD9A3-9F63-4BDB-91DA-227759EABE99}.Debug|Any CPU.Build.0 = Debug|Any CPU
		{A96CD9A3-9F63-4BDB-91DA-227759EABE99}.Release|Any CPU.ActiveCfg = Release|Any CPU
		{A96CD9A3-9F63-4BDB-91DA-227759EABE99}.Release|Any CPU.Build.0 = Release|Any CPU
		{A96CD9A3-9F63-4BDB-91DA-227759EABE99}.ReleaseUnity|Any CPU.ActiveCfg = Release|Any CPU
		{A96CD9A3-9F63-4BDB-91DA-227759EABE99}.ReleaseUnity|Any CPU.Build.0 = Release|Any CPU
	EndGlobalSection
	GlobalSection(SolutionProperties) = preSolution
		HideSolutionNode = FALSE
	EndGlobalSection
	GlobalSection(ExtensibilityGlobals) = postSolution
		SolutionGuid = {B6310CAC-0680-41C7-9CA4-5A8E94D46741}
	EndGlobalSection
	GlobalSection(NestedProjects) = preSolution
		{E02545D4-75BA-47FA-A075-7D43750FA7A7} = {EED92CF1-3876-4F9B-BC3C-531156F5FA37}
		{703FF300-34B9-48D4-A5D6-E741F48D5F95} = {E02545D4-75BA-47FA-A075-7D43750FA7A7}
		{6CBD8A48-C470-4C2E-8CE6-A48A75C64A46} = {E02545D4-75BA-47FA-A075-7D43750FA7A7}
	EndGlobalSection
EndGlobal
